
Microsoft Visual Studio Solution File, Format Version 12.00
# Visual Studio Version 16
VisualStudioVersion = 16.0.29326.143
MinimumVisualStudioVersion = 10.0.40219.1
Project("{FAE04EC0-301F-11D3-BF4B-00C04F79EFBC}") = "NoteApp", "NoteApp\NoteApp.csproj", "{3C2F51CE-01B6-471D-A7C3-E5451C595312}"
EndProject
Global
	GlobalSection(SolutionConfigurationPlatforms) = preSolution
		Debug|Any CPU = Debug|Any CPU
		Release|Any CPU = Release|Any CPU
	EndGlobalSection
	GlobalSection(ProjectConfigurationPlatforms) = postSolution
		{3C2F51CE-01B6-471D-A7C3-E5451C595312}.Debug|Any CPU.ActiveCfg = Debug|Any CPU
		{3C2F51CE-01B6-471D-A7C3-E5451C595312}.Debug|Any CPU.Build.0 = Debug|Any CPU
		{3C2F51CE-01B6-471D-A7C3-E5451C595312}.Release|Any CPU.ActiveCfg = Release|Any CPU
		{3C2F51CE-01B6-471D-A7C3-E5451C595312}.Release|Any CPU.Build.0 = Release|Any CPU
	EndGlobalSection
	GlobalSection(SolutionProperties) = preSolution
		HideSolutionNode = FALSE
	EndGlobalSection
	GlobalSection(ExtensibilityGlobals) = postSolution
		SolutionGuid = {CE34E0A7-AD5F-49A6-9A75-22C13CACED10}
	EndGlobalSection
EndGlobal
